PODS:
  - Flutter (1.0.0)
  - vdocipher_flutter (2.5.0):
    - Flutter
    - VdoFramework (= 2.5.4)
  - VdoFramework (2.5.4)

DEPENDENCIES:
  - Flutter (from `Flutter`)
  - vdocipher_flutter (from `.symlinks/plugins/vdocipher_flutter/ios`)

SPEC REPOS:
  trunk:
    - VdoFramework

EXTERNAL SOURCES:
  Flutter:
    :path: Flutter
  vdocipher_flutter:
    :path: ".symlinks/plugins/vdocipher_flutter/ios"

SPEC CHECKSUMS:
  Flutter: f04841e97a9d0b0a8025694d0796dd46242b2854
  vdocipher_flutter: d79362ceb85143dd1e900d8ed78a157e4f033a92
  VdoFramework: e8e3478c1da4a8cc505df0e5266f2f06150bf359

PODFILE CHECKSUM: 4e8f8b2be68aeea4c0d5beb6ff1e79fface1d048

COCOAPODS: 1.11.3
